
Microsoft Visual Studio Solution File, Format Version 12.00
# Visual Studio Version 16
VisualStudioVersion = 16.0.30413.136
MinimumVisualStudioVersion = 10.0.40219.1
Project("{9A19103F-16F7-4668-BE54-9A1E7A4F7556}") = "Sweaj.Serialization.Web", "Sweaj.Seriailzation.Web\Sweaj.Serialization.Web.csproj", "{471429D2-2C76-4299-992A-6E1A43A7180E}"
EndProject
Project("{9A19103F-16F7-4668-BE54-9A1E7A4F7556}") = "Sweaj.Serialization.Data", "Sweaj.Serialization.Api\Sweaj.Serialization.Data.csproj", "{6EFC5DFF-A42F-4B8B-B1AF-28A4A84E9BD8}"
EndProject
Project("{9A19103F-16F7-4668-BE54-9A1E7A4F7556}") = "Sweaj.Serialization.Wpf", "Sweaj.Serialization.Wpf\Sweaj.Serialization.Wpf.csproj", "{E2370306-6206-49F6-866F-F751EF03DD9D}"
EndProject
Project("{2150E333-8FDC-42A3-9474-1A3956D46DE8}") = "Client", "Client", "{BBFBCE74-0651-4C5E-9B63-938E0817EB94}"
EndProject
Project("{2150E333-8FDC-42A3-9474-1A3956D46DE8}") = "Api", "Api", "{C7CABE96-D73F-4551-884C-6F2B7033485C}"
EndProject
Project("{2150E333-8FDC-42A3-9474-1A3956D46DE8}") = "WebApp", "WebApp", "{6BE0AFEF-1F10-44B4-9FE4-6292105A0F80}"
EndProject
Project("{FAE04EC0-301F-11D3-BF4B-00C04F79EFBC}") = "Sweaj.Seriailzation.WebApi", "Sweaj.Seriailzation.WebApi\Sweaj.Seriailzation.WebApi.csproj", "{59A1ADF0-F1B4-42BD-A598-C64263FAFCE0}"
EndProject
Global
	GlobalSection(SolutionConfigurationPlatforms) = preSolution
		Debug|Any CPU = Debug|Any CPU
		Release|Any CPU = Release|Any CPU
	EndGlobalSection
	GlobalSection(ProjectConfigurationPlatforms) = postSolution
		{471429D2-2C76-4299-992A-6E1A43A7180E}.Debug|Any CPU.ActiveCfg = Debug|Any CPU
		{471429D2-2C76-4299-992A-6E1A43A7180E}.Debug|Any CPU.Build.0 = Debug|Any CPU
		{471429D2-2C76-4299-992A-6E1A43A7180E}.Release|Any CPU.ActiveCfg = Release|Any CPU
		{471429D2-2C76-4299-992A-6E1A43A7180E}.Release|Any CPU.Build.0 = Release|Any CPU
		{6EFC5DFF-A42F-4B8B-B1AF-28A4A84E9BD8}.Debug|Any CPU.ActiveCfg = Debug|Any CPU
		{6EFC5DFF-A42F-4B8B-B1AF-28A4A84E9BD8}.Debug|Any CPU.Build.0 = Debug|Any CPU
		{6EFC5DFF-A42F-4B8B-B1AF-28A4A84E9BD8}.Release|Any CPU.ActiveCfg = Release|Any CPU
		{6EFC5DFF-A42F-4B8B-B1AF-28A4A84E9BD8}.Release|Any CPU.Build.0 = Release|Any CPU
		{E2370306-6206-49F6-866F-F751EF03DD9D}.Debug|Any CPU.ActiveCfg = Debug|Any CPU
		{E2370306-6206-49F6-866F-F751EF03DD9D}.Debug|Any CPU.Build.0 = Debug|Any CPU
		{E2370306-6206-49F6-866F-F751EF03DD9D}.Release|Any CPU.ActiveCfg = Release|Any CPU
		{E2370306-6206-49F6-866F-F751EF03DD9D}.Release|Any CPU.Build.0 = Release|Any CPU
		{59A1ADF0-F1B4-42BD-A598-C64263FAFCE0}.Debug|Any CPU.ActiveCfg = Debug|Any CPU
		{59A1ADF0-F1B4-42BD-A598-C64263FAFCE0}.Debug|Any CPU.Build.0 = Debug|Any CPU
		{59A1ADF0-F1B4-42BD-A598-C64263FAFCE0}.Release|Any CPU.ActiveCfg = Release|Any CPU
		{59A1ADF0-F1B4-42BD-A598-C64263FAFCE0}.Release|Any CPU.Build.0 = Release|Any CPU
	EndGlobalSection
	GlobalSection(SolutionProperties) = preSolution
		HideSolutionNode = FALSE
	EndGlobalSection
	GlobalSection(NestedProjects) = preSolution
		{471429D2-2C76-4299-992A-6E1A43A7180E} = {6BE0AFEF-1F10-44B4-9FE4-6292105A0F80}
		{6EFC5DFF-A42F-4B8B-B1AF-28A4A84E9BD8} = {C7CABE96-D73F-4551-884C-6F2B7033485C}
		{E2370306-6206-49F6-866F-F751EF03DD9D} = {BBFBCE74-0651-4C5E-9B63-938E0817EB94}
		{59A1ADF0-F1B4-42BD-A598-C64263FAFCE0} = {C7CABE96-D73F-4551-884C-6F2B7033485C}
	EndGlobalSection
	GlobalSection(ExtensibilityGlobals) = postSolution
		SolutionGuid = {27EDE1D8-AF3B-4227-B7F2-A246BECBC971}
	EndGlobalSection
EndGlobal
